<Solution>
  <Folder Name="/src/">
    <Project Path="src/LMU.Agent.Core/LMU.Agent.Core.csproj" />
    <Project Path="src/LMU.Agent.Service/LMU.Agent.Service.csproj" />
    <Project Path="src/LMU.Agent.UI/LMU.Agent.UI.csproj" />
  </Folder>
  <Folder Name="/tests/">
    <Project Path="tests/LMU.Agent.Tests/LMU.Agent.Tests.csproj" />
  </Folder>
</Solution>
